dependencies:
  st25dv:
    component_hash: 5f3b0ec63abb0dcc0fcaabdbf9ba8e7c1ba49fd74b23afab9530cdc38661b2dd
    source:
      git: https://github.com/RJRP44/ST25DV-Library.git
      path: .
      type: git
    version: f113b96ed57949790bfa2ed2e1ccdb0c7d2fc820
manifest_hash: 506a3686c38e34d1c50924df8f5457bb44789dcb36a938b19fdc3a6163ce24ce
target: esp32s3
version: 1.0.0
