dependencies:
  st25dv:
    component_hash: 0765388cbd96ea38fa0fc57cc85fe533766432b4a0df1f7c68591b00da0eb58e
    source:
      git: https://github.com/RJRP44/ST25DV-Library.git
      path: .
      type: git
    version: cc274f8a03a468b2839eae2f3a9562ad24dda4a8
manifest_hash: 1ff143c3489aff444992107e4c24328d88854a642db9b47b1e71262ee8d2d3bc
target: esp32s3
version: 1.0.0
